PODS:
  - Popover (1.2.4)

DEPENDENCIES:
  - Popover (from `https://github.com/haporter/Popover.git`)

EXTERNAL SOURCES:
  Popover:
    :git: https://github.com/haporter/Popover.git

CHECKOUT OPTIONS:
  Popover:
    :commit: 0143d74d95c6b7784c0631ed17cee743f8860929
    :git: https://github.com/haporter/Popover.git

SPEC CHECKSUMS:
  Popover: 33e4d148af65c73e5f4040678158856f503cfd0a

PODFILE CHECKSUM: dbccfa4b23f9576f3dc9a2c5ee1fb89581b9014b

COCOAPODS: 1.8.4
