PODS:
  - Popover (1.2.5)

DEPENDENCIES:
  - Popover (from `https://github.com/haporter/Popover.git`)

EXTERNAL SOURCES:
  Popover:
    :git: https://github.com/haporter/Popover.git

CHECKOUT OPTIONS:
  Popover:
    :commit: 874d81fa99fcb58a3770a052ec78d11f7e8f6e28
    :git: https://github.com/haporter/Popover.git

SPEC CHECKSUMS:
  Popover: a2e88af20ac4aea7522830ec01f20138a475ccc3

PODFILE CHECKSUM: dbccfa4b23f9576f3dc9a2c5ee1fb89581b9014b

COCOAPODS: 1.8.4
